
Microsoft Visual Studio Solution File, Format Version 12.00
# Visual Studio Version 17
VisualStudioVersion = 17.0.31903.59
MinimumVisualStudioVersion = 10.0.40219.1
Project("{2150E333-8FDC-42A3-9474-1A3956D46DE8}") = "src", "src", "{D0227A5A-5C3A-47B5-B940-2075C7C228D8}"
EndProject
Project("{FAE04EC0-301F-11D3-BF4B-00C04F79EFBC}") = "Canary", "src\Canary\Canary.csproj", "{B363DA1A-0683-4538-B018-4400C9617FF7}"
EndProject
Global
	GlobalSection(SolutionConfigurationPlatforms) = preSolution
		Debug|Any CPU = Debug|Any CPU
		Release|Any CPU = Release|Any CPU
	EndGlobalSection
	GlobalSection(SolutionProperties) = preSolution
		HideSolutionNode = FALSE
	EndGlobalSection
	GlobalSection(ProjectConfigurationPlatforms) = postSolution
		{B363DA1A-0683-4538-B018-4400C9617FF7}.Debug|Any CPU.ActiveCfg = Debug|Any CPU
		{B363DA1A-0683-4538-B018-4400C9617FF7}.Debug|Any CPU.Build.0 = Debug|Any CPU
		{B363DA1A-0683-4538-B018-4400C9617FF7}.Release|Any CPU.ActiveCfg = Release|Any CPU
		{B363DA1A-0683-4538-B018-4400C9617FF7}.Release|Any CPU.Build.0 = Release|Any CPU
	EndGlobalSection
	GlobalSection(NestedProjects) = preSolution
		{B363DA1A-0683-4538-B018-4400C9617FF7} = {D0227A5A-5C3A-47B5-B940-2075C7C228D8}
	EndGlobalSection
EndGlobal
